
Microsoft Visual Studio Solution File, Format Version 12.00
# Visual Studio 2012
Project("{8BC9CEB8-8B4A-11D0-8D11-00A0C91BC942}") = "Peanut_3", "Peanut_3\Peanut_3.vcxproj", "{22828570-1EE6-40E4-998C-9F8B82124336}"
EndProject
Global
	GlobalSection(SolutionConfigurationPlatforms) = preSolution
		Debug|Win32 = Debug|Win32
		Release|Win32 = Release|Win32
	EndGlobalSection
	GlobalSection(ProjectConfigurationPlatforms) = postSolution
		{22828570-1EE6-40E4-998C-9F8B82124336}.Debug|Win32.ActiveCfg = Release|Win32
		{22828570-1EE6-40E4-998C-9F8B82124336}.Debug|Win32.Build.0 = Release|Win32
		{22828570-1EE6-40E4-998C-9F8B82124336}.Release|Win32.ActiveCfg = Release|Win32
		{22828570-1EE6-40E4-998C-9F8B82124336}.Release|Win32.Build.0 = Release|Win32
	EndGlobalSection
	GlobalSection(SolutionProperties) = preSolution
		HideSolutionNode = FALSE
	EndGlobalSection
EndGlobal
